
Microsoft Visual Studio Solution File, Format Version 12.00
# Visual Studio Version 17
VisualStudioVersion = 17.3.32901.215
MinimumVisualStudioVersion = 10.0.40219.1
Project("{FAE04EC0-301F-11D3-BF4B-00C04F79EFBC}") = "LottoSimulatorApp", "LottoSimulatorApp\LottoSimulatorApp.csproj", "{931534B3-5157-4BD8-B727-F2D65F332189}"
EndProject
Global
	GlobalSection(SolutionConfigurationPlatforms) = preSolution
		Debug|Any CPU = Debug|Any CPU
		Release|Any CPU = Release|Any CPU
	EndGlobalSection
	GlobalSection(ProjectConfigurationPlatforms) = postSolution
		{931534B3-5157-4BD8-B727-F2D65F332189}.Debug|Any CPU.ActiveCfg = Debug|Any CPU
		{931534B3-5157-4BD8-B727-F2D65F332189}.Debug|Any CPU.Build.0 = Debug|Any CPU
		{931534B3-5157-4BD8-B727-F2D65F332189}.Release|Any CPU.ActiveCfg = Release|Any CPU
		{931534B3-5157-4BD8-B727-F2D65F332189}.Release|Any CPU.Build.0 = Release|Any CPU
	EndGlobalSection
	GlobalSection(SolutionProperties) = preSolution
		HideSolutionNode = FALSE
	EndGlobalSection
	GlobalSection(ExtensibilityGlobals) = postSolution
		SolutionGuid = {038C7D30-7B3F-419B-9E7B-84F0E6953DBF}
	EndGlobalSection
EndGlobal
